
Microsoft Visual Studio Solution File, Format Version 12.00
# Visual Studio 15
VisualStudioVersion = 15.0.27703.2035
MinimumVisualStudioVersion = 10.0.40219.1
Project("{9A19103F-16F7-4668-BE54-9A1E7A4F7556}") = "Festo.Common", "Festo.Common\Festo.Common.csproj", "{0456F1A7-65BC-4F4E-AF27-7659898D1E1D}"
EndProject
Project("{9A19103F-16F7-4668-BE54-9A1E7A4F7556}") = "Festo.Dashboard.Api", "Festo.Dashboard.Api\Festo.Dashboard.Api.csproj", "{9BB08365-2AE9-41D2-9DD1-A30E0CA42C67}"
EndProject
Project("{E53339B2-1760-4266-BCC7-CA923CBCF16C}") = "docker-compose", "docker-compose.dcproj", "{C65C02D5-4B9B-4B22-9A71-CD36B7F4F729}"
EndProject
Global
	GlobalSection(SolutionConfigurationPlatforms) = preSolution
		Debug|Any CPU = Debug|Any CPU
		Release|Any CPU = Release|Any CPU
	EndGlobalSection
	GlobalSection(ProjectConfigurationPlatforms) = postSolution
		{0456F1A7-65BC-4F4E-AF27-7659898D1E1D}.Debug|Any CPU.ActiveCfg = Debug|Any CPU
		{0456F1A7-65BC-4F4E-AF27-7659898D1E1D}.Debug|Any CPU.Build.0 = Debug|Any CPU
		{0456F1A7-65BC-4F4E-AF27-7659898D1E1D}.Release|Any CPU.ActiveCfg = Release|Any CPU
		{0456F1A7-65BC-4F4E-AF27-7659898D1E1D}.Release|Any CPU.Build.0 = Release|Any CPU
		{9BB08365-2AE9-41D2-9DD1-A30E0CA42C67}.Debug|Any CPU.ActiveCfg = Debug|Any CPU
		{9BB08365-2AE9-41D2-9DD1-A30E0CA42C67}.Debug|Any CPU.Build.0 = Debug|Any CPU
		{9BB08365-2AE9-41D2-9DD1-A30E0CA42C67}.Release|Any CPU.ActiveCfg = Release|Any CPU
		{9BB08365-2AE9-41D2-9DD1-A30E0CA42C67}.Release|Any CPU.Build.0 = Release|Any CPU
		{C65C02D5-4B9B-4B22-9A71-CD36B7F4F729}.Debug|Any CPU.ActiveCfg = Debug|Any CPU
		{C65C02D5-4B9B-4B22-9A71-CD36B7F4F729}.Debug|Any CPU.Build.0 = Debug|Any CPU
		{C65C02D5-4B9B-4B22-9A71-CD36B7F4F729}.Release|Any CPU.ActiveCfg = Release|Any CPU
		{C65C02D5-4B9B-4B22-9A71-CD36B7F4F729}.Release|Any CPU.Build.0 = Release|Any CPU
	EndGlobalSection
	GlobalSection(SolutionProperties) = preSolution
		HideSolutionNode = FALSE
	EndGlobalSection
	GlobalSection(ExtensibilityGlobals) = postSolution
		SolutionGuid = {081C9C23-A740-41B4-AAF6-68F2D93DD5B8}
	EndGlobalSection
EndGlobal
